
Microsoft Visual Studio Solution File, Format Version 12.00
# Visual Studio Version 17
VisualStudioVersion = 17.9.34723.18
MinimumVisualStudioVersion = 10.0.40219.1
Project("{9A19103F-16F7-4668-BE54-9A1E7A4F7556}") = "QuestionApi", "QuestionApi.csproj", "{C6ED9A86-273D-465D-BFD6-609AD1D9D505}"
EndProject
Project("{FAE04EC0-301F-11D3-BF4B-00C04F79EFBC}") = "QuestionApi.Tests", "..\QuestionApi.Tests\QuestionApi.Tests.csproj", "{3B2D21B9-7415-4F70-B69D-5EDB9D798385}"
EndProject
Global
	GlobalSection(SolutionConfigurationPlatforms) = preSolution
		Debug|Any CPU = Debug|Any CPU
		Release|Any CPU = Release|Any CPU
	EndGlobalSection
	GlobalSection(ProjectConfigurationPlatforms) = postSolution
		{C6ED9A86-273D-465D-BFD6-609AD1D9D505}.Debug|Any CPU.ActiveCfg = Debug|Any CPU
		{C6ED9A86-273D-465D-BFD6-609AD1D9D505}.Debug|Any CPU.Build.0 = Debug|Any CPU
		{C6ED9A86-273D-465D-BFD6-609AD1D9D505}.Release|Any CPU.ActiveCfg = Release|Any CPU
		{C6ED9A86-273D-465D-BFD6-609AD1D9D505}.Release|Any CPU.Build.0 = Release|Any CPU
		{3B2D21B9-7415-4F70-B69D-5EDB9D798385}.Debug|Any CPU.ActiveCfg = Debug|Any CPU
		{3B2D21B9-7415-4F70-B69D-5EDB9D798385}.Debug|Any CPU.Build.0 = Debug|Any CPU
		{3B2D21B9-7415-4F70-B69D-5EDB9D798385}.Release|Any CPU.ActiveCfg = Release|Any CPU
		{3B2D21B9-7415-4F70-B69D-5EDB9D798385}.Release|Any CPU.Build.0 = Release|Any CPU
	EndGlobalSection
	GlobalSection(SolutionProperties) = preSolution
		HideSolutionNode = FALSE
	EndGlobalSection
	GlobalSection(ExtensibilityGlobals) = postSolution
		SolutionGuid = {2FCBC8CB-804B-4BED-B89D-FA0234EAB8AB}
	EndGlobalSection
EndGlobal
